
Microsoft Visual Studio Solution File, Format Version 12.00
Project("{FAE04EC0-301F-11D3-BF4B-00C04F79EFBC}") = "GladosRunner", "GladosRunner.csproj", "{8D62BC83-82F3-4BCA-92F7-EB13CFB963CB}"
EndProject
Global
	GlobalSection(SolutionConfigurationPlatforms) = preSolution
		Debug|Any CPU = Debug|Any CPU
		Release|Any CPU = Release|Any CPU
	EndGlobalSection
	GlobalSection(ProjectConfigurationPlatforms) = postSolution
		{8D62BC83-82F3-4BCA-92F7-EB13CFB963CB}.Debug|Any CPU.ActiveCfg = Debug|Any CPU
		{8D62BC83-82F3-4BCA-92F7-EB13CFB963CB}.Debug|Any CPU.Build.0 = Debug|Any CPU
		{8D62BC83-82F3-4BCA-92F7-EB13CFB963CB}.Release|Any CPU.ActiveCfg = Release|Any CPU
		{8D62BC83-82F3-4BCA-92F7-EB13CFB963CB}.Release|Any CPU.Build.0 = Release|Any CPU
	EndGlobalSection
EndGlobal
