
Microsoft Visual Studio Solution File, Format Version 12.00
Project("{FAE04EC0-301F-11D3-BF4B-00C04F79EFBC}") = "GladosBackend", "GladosBackend.csproj", "{755F08D5-FBC2-4578-9582-8BEA2EC87E03}"
EndProject
Global
	GlobalSection(SolutionConfigurationPlatforms) = preSolution
		Debug|Any CPU = Debug|Any CPU
		Release|Any CPU = Release|Any CPU
	EndGlobalSection
	GlobalSection(ProjectConfigurationPlatforms) = postSolution
		{755F08D5-FBC2-4578-9582-8BEA2EC87E03}.Debug|Any CPU.ActiveCfg = Debug|Any CPU
		{755F08D5-FBC2-4578-9582-8BEA2EC87E03}.Debug|Any CPU.Build.0 = Debug|Any CPU
		{755F08D5-FBC2-4578-9582-8BEA2EC87E03}.Release|Any CPU.ActiveCfg = Release|Any CPU
		{755F08D5-FBC2-4578-9582-8BEA2EC87E03}.Release|Any CPU.Build.0 = Release|Any CPU
	EndGlobalSection
	GlobalSection(SolutionProperties) = preSolution
		HideSolutionNode = FALSE
	EndGlobalSection
EndGlobal
